
Microsoft Visual Studio Solution File, Format Version 12.00
Project("{FAE04EC0-301F-11D3-BF4B-00C04F79EFBC}") = "RIS.Learning", "RIS.Learning\RIS.Learning.csproj", "{AD8388F1-1A1C-4201-BA75-1C1B85824410}"
EndProject
Global
	GlobalSection(SolutionConfigurationPlatforms) = preSolution
		Debug|Any CPU = Debug|Any CPU
		Release|Any CPU = Release|Any CPU
	EndGlobalSection
	GlobalSection(ProjectConfigurationPlatforms) = postSolution
		{AD8388F1-1A1C-4201-BA75-1C1B85824410}.Debug|Any CPU.ActiveCfg = Debug|Any CPU
		{AD8388F1-1A1C-4201-BA75-1C1B85824410}.Debug|Any CPU.Build.0 = Debug|Any CPU
		{AD8388F1-1A1C-4201-BA75-1C1B85824410}.Release|Any CPU.ActiveCfg = Release|Any CPU
		{AD8388F1-1A1C-4201-BA75-1C1B85824410}.Release|Any CPU.Build.0 = Release|Any CPU
	EndGlobalSection
EndGlobal
